// !$*UTF8*$!
{
	archiveVersion = 1;
	classes = {
	};
	objectVersion = 50;
	objects = {

/* Begin PBXBuildFile section */
		795B7B4924332367008D2699 /* AppDelegate.swift in Sources */ = {isa = PBXBuildFile; fileRef = 795B7B4824332367008D2699 /* AppDelegate.swift */; };
		795B7B4B24332367008D2699 /* SceneDelegate.swift in Sources */ = {isa = PBXBuildFile; fileRef = 795B7B4A24332367008D2699 /* SceneDelegate.swift */; };
		795B7B4D24332367008D2699 /* ViewController.swift in Sources */ = {isa = PBXBuildFile; fileRef = 795B7B4C24332367008D2699 /* ViewController.swift */; };
		795B7B5024332367008D2699 /* Main.storyboard in Resources */ = {isa = PBXBuildFile; fileRef = 795B7B4E24332367008D2699 /* Main.storyboard */; };
		795B7B5224332368008D2699 /* Assets.xcassets in Resources */ = {isa = PBXBuildFile; fileRef = 795B7B5124332368008D2699 /* Assets.xcassets */; };
		795B7B5524332368008D2699 /* LaunchScreen.storyboard in Resources */ = {isa = PBXBuildFile; fileRef = 795B7B5324332368008D2699 /* LaunchScreen.storyboard */; };
		795B7B6024332368008D2699 /* Class02Tests.swift in Sources */ = {isa = PBXBuildFile; fileRef = 795B7B5F24332368008D2699 /* Class02Tests.swift */; };
		795B7B6B24332368008D2699 /* Class02UITests.swift in Sources */ = {isa = PBXBuildFile; fileRef = 795B7B6A24332368008D2699 /* Class02UITests.swift */; };
/* End PBXBuildFile section */

/* Begin PBXContainerItemProxy section */
		795B7B5C24332368008D2699 /* PBXContainerItemProxy */ = {
			isa = PBXContainerItemProxy;
			containerPortal = 795B7B3D24332367008D2699 /* Project object */;
			proxyType = 1;
			remoteGlobalIDString = 795B7B4424332367008D2699;
			remoteInfo = Class02;
		};
		795B7B6724332368008D2699 /* PBXContainerItemProxy */ = {
			isa = PBXContainerItemProxy;
			containerPortal = 795B7B3D24332367008D2699 /* Project object */;
			proxyType = 1;
			remoteGlobalIDString = 795B7B4424332367008D2699;
			remoteInfo = Class02;
		};
/* End PBXContainerItemProxy section */

/* Begin PBXFileReference section */
		795B7B4524332367008D2699 /* Class02.app */ = {isa = PBXFileReference; explicitFileType = wrapper.application; includeInIndex = 0; path = Class02.app; sourceTree = BUILT_PRODUCTS_DIR; };
		795B7B4824332367008D2699 /* AppDelegate.swift */ = {isa = PBXFileReference; lastKnownFileType = sourcecode.swift; path = AppDelegate.swift; sourceTree = "<group>"; };
		795B7B4A24332367008D2699 /* SceneDelegate.swift */ = {isa = PBXFileReference; lastKnownFileType = sourcecode.swift; path = SceneDelegate.swift; sourceTree = "<group>"; };
		795B7B4C24332367008D2699 /* ViewController.swift */ = {isa = PBXFileReference; lastKnownFileType = sourcecode.swift; path = ViewController.swift; sourceTree = "<group>"; };
		795B7B4F24332367008D2699 /* Base */ = {isa = PBXFileReference; lastKnownFileType = file.storyboard; name = Base; path = Base.lproj/Main.storyboard; sourceTree = "<group>"; };
		795B7B5124332368008D2699 /* Assets.xcassets */ = {isa = PBXFileReference; lastKnownFileType = folder.assetcatalog; path = Assets.xcassets; sourceTree = "<group>"; };
		795B7B5424332368008D2699 /* Base */ = {isa = PBXFileReference; lastKnownFileType = file.storyboard; name = Base; path = Base.lproj/LaunchScreen.storyboard; sourceTree = "<group>"; };
		795B7B5624332368008D2699 /* Info.plist */ = {isa = PBXFileReference; lastKnownFileType = text.plist.xml; path = Info.plist; sourceTree = "<group>"; };
		795B7B5B24332368008D2699 /* Class02Tests.xctest */ = {isa = PBXFileReference; explicitFileType = wrapper.cfbundle; includeInIndex = 0; path = Class02Tests.xctest; sourceTree = BUILT_PRODUCTS_DIR; };
		795B7B5F24332368008D2699 /* Class02Tests.swift */ = {isa = PBXFileReference; lastKnownFileType = sourcecode.swift; path = Class02Tests.swift; sourceTree = "<group>"; };
		795B7B6124332368008D2699 /* Info.plist */ = {isa = PBXFileReference; lastKnownFileType = text.plist.xml; path = Info.plist; sourceTree = "<group>"; };
		795B7B6624332368008D2699 /* Class02UITests.xctest */ = {isa = PBXFileReference; explicitFileType = wrapper.cfbundle; includeInIndex = 0; path = Class02UITests.xctest; sourceTree = BUILT_PRODUCTS_DIR; };
		795B7B6A24332368008D2699 /* Class02UITests.swift */ = {isa = PBXFileReference; lastKnownFileType = sourcecode.swift; path = Class02UITests.swift; sourceTree = "<group>"; };
		795B7B6C24332368008D2699 /* Info.plist */ = {isa = PBXFileReference; lastKnownFileType = text.plist.xml; path = Info.plist; sourceTree = "<group>"; };
/* End PBXFileReference section */

/* Begin PBXFrameworksBuildPhase section */
		795B7B4224332367008D2699 /* Frameworks */ = {
			isa = PBXFrameworksBuildPhase;
			buildActionMask = 2147483647;
			files = (
			);
			runOnlyForDeploymentPostprocessing = 0;
		};
		795B7B5824332368008D2699 /* Frameworks */ = {
			isa = PBXFrameworksBuildPhase;
			buildActionMask = 2147483647;
			files = (
			);
			runOnlyForDeploymentPostprocessing = 0;
		};
		795B7B6324332368008D2699 /* Frameworks */ = {
			isa = PBXFrameworksBuildPhase;
			buildActionMask = 2147483647;
			files = (
			);
			runOnlyForDeploymentPostprocessing = 0;
		};
/* End PBXFrameworksBuildPhase section */

/* Begin PBXGroup section */
		795B7B3C24332367008D2699 = {
			isa = PBXGroup;
			children = (
				795B7B4724332367008D2699 /* Class02 */,
				795B7B5E24332368008D2699 /* Class02Tests */,
				795B7B6924332368008D2699 /* Class02UITests */,
				795B7B4624332367008D2699 /* Products */,
			);
			sourceTree = "<group>";
		};
		795B7B4624332367008D2699 /* Products */ = {
			isa = PBXGroup;
			children = (
				795B7B4524332367008D2699 /* Class02.app */,
				795B7B5B24332368008D2699 /* Class02Tests.xctest */,
				795B7B6624332368008D2699 /* Class02UITests.xctest */,
			);
			name = Products;
			sourceTree = "<group>";
		};
		795B7B4724332367008D2699 /* Class02 */ = {
			isa = PBXGroup;
			children = (
				795B7B4824332367008D2699 /* AppDelegate.swift */,
				795B7B4A24332367008D2699 /* SceneDelegate.swift */,
				795B7B4C24332367008D2699 /* ViewController.swift */,
				795B7B4E24332367008D2699 /* Main.storyboard */,
				795B7B5124332368008D2699 /* Assets.xcassets */,
				795B7B5324332368008D2699 /* LaunchScreen.storyboard */,
				795B7B5624332368008D2699 /* Info.plist */,
			);
			path = Class02;
			sourceTree = "<group>";
		};
		795B7B5E24332368008D2699 /* Class02Tests */ = {
			isa = PBXGroup;
			children = (
				795B7B5F24332368008D2699 /* Class02Tests.swift */,
				795B7B6124332368008D2699 /* Info.plist */,
			);
			path = Class02Tests;
			sourceTree = "<group>";
		};
		795B7B6924332368008D2699 /* Class02UITests */ = {
			isa = PBXGroup;
			children = (
				795B7B6A24332368008D2699 /* Class02UITests.swift */,
				795B7B6C24332368008D2699 /* Info.plist */,
			);
			path = Class02UITests;
			sourceTree = "<group>";
		};
/* End PBXGroup section */

/* Begin PBXNativeTarget section */
		795B7B4424332367008D2699 /* Class02 */ = {
			isa = PBXNativeTarget;
			buildConfigurationList = 795B7B6F24332368008D2699 /* Build configuration list for PBXNativeTarget "Class02" */;
			buildPhases = (
				795B7B4124332367008D2699 /* Sources */,
				795B7B4224332367008D2699 /* Frameworks */,
				795B7B4324332367008D2699 /* Resources */,
			);
			buildRules = (
			);
			dependencies = (
			);
			name = Class02;
			productName = Class02;
			productReference = 795B7B4524332367008D2699 /* Class02.app */;
			productType = "com.apple.product-type.application";
		};
		795B7B5A24332368008D2699 /* Class02Tests */ = {
			isa = PBXNativeTarget;
			buildConfigurationList = 795B7B7224332368008D2699 /* Build configuration list for PBXNativeTarget "Class02Tests" */;
			buildPhases = (
				795B7B5724332368008D2699 /* Sources */,
				795B7B5824332368008D2699 /* Frameworks */,
				795B7B5924332368008D2699 /* Resources */,
			);
			buildRules = (
			);
			dependencies = (
				795B7B5D24332368008D2699 /* PBXTargetDependency */,
			);
			name = Class02Tests;
			productName = Class02Tests;
			productReference = 795B7B5B24332368008D2699 /* Class02Tests.xctest */;
			productType = "com.apple.product-type.bundle.unit-test";
		};
		795B7B6524332368008D2699 /* Class02UITests */ = {
			isa = PBXNativeTarget;
			buildConfigurationList = 795B7B7524332368008D2699 /* Build configuration list for PBXNativeTarget "Class02UITests" */;
			buildPhases = (
				795B7B6224332368008D2699 /* Sources */,
				795B7B6324332368008D2699 /* Frameworks */,
				795B7B6424332368008D2699 /* Resources */,
			);
			buildRules = (
			);
			dependencies = (
				795B7B6824332368008D2699 /* PBXTargetDependency */,
			);
			name = Class02UITests;
			productName = Class02UITests;
			productReference = 795B7B6624332368008D2699 /* Class02UITests.xctest */;
			productType = "com.apple.product-type.bundle.ui-testing";
		};
/* End PBXNativeTarget section */

/* Begin PBXProject section */
		795B7B3D24332367008D2699 /* Project object */ = {
			isa = PBXProject;
			attributes = {
				LastSwiftUpdateCheck = 1130;
				LastUpgradeCheck = 1130;
				ORGANIZATIONNAME = ccuser;
				TargetAttributes = {
					795B7B4424332367008D2699 = {
						CreatedOnToolsVersion = 11.3.1;
					};
					795B7B5A24332368008D2699 = {
						CreatedOnToolsVersion = 11.3.1;
						TestTargetID = 795B7B4424332367008D2699;
					};
					795B7B6524332368008D2699 = {
						CreatedOnToolsVersion = 11.3.1;
						TestTargetID = 795B7B4424332367008D2699;
					};
				};
			};
			buildConfigurationList = 795B7B4024332367008D2699 /* Build configuration list for PBXProject "Class02" */;
			compatibilityVersion = "Xcode 9.3";
			developmentRegion = en;
			hasScannedForEncodings = 0;
			knownRegions = (
				en,
				Base,
			);
			mainGroup = 795B7B3C24332367008D2699;
			productRefGroup = 795B7B4624332367008D2699 /* Products */;
			projectDirPath = "";
			projectRoot = "";
			targets = (
				795B7B4424332367008D2699 /* Class02 */,
				795B7B5A24332368008D2699 /* Class02Tests */,
				795B7B6524332368008D2699 /* Class02UITests */,
			);
		};
/* End PBXProject section */

/* Begin PBXResourcesBuildPhase section */
		795B7B4324332367008D2699 /* Resources */ = {
			isa = PBXResourcesBuildPhase;
			buildActionMask = 2147483647;
			files = (
				795B7B5524332368008D2699 /* LaunchScreen.storyboard in Resources */,
				795B7B5224332368008D2699 /* Assets.xcassets in Resources */,
				795B7B5024332367008D2699 /* Main.storyboard in Resources */,
			);
			runOnlyForDeploymentPostprocessing = 0;
		};
		795B7B5924332368008D2699 /* Resources */ = {
			isa = PBXResourcesBuildPhase;
			buildActionMask = 2147483647;
			files = (
			);
			runOnlyForDeploymentPostprocessing = 0;
		};
		795B7B6424332368008D2699 /* Resources */ = {
			isa = PBXResourcesBuildPhase;
			buildActionMask = 2147483647;
			files = (
			);
			runOnlyForDeploymentPostprocessing = 0;
		};
/* End PBXResourcesBuildPhase section */

/* Begin PBXSourcesBuildPhase section */
		795B7B4124332367008D2699 /* Sources */ = {
			isa = PBXSourcesBuildPhase;
			buildActionMask = 2147483647;
			files = (
				795B7B4D24332367008D2699 /* ViewController.swift in Sources */,
				795B7B4924332367008D2699 /* AppDelegate.swift in Sources */,
				795B7B4B24332367008D2699 /* SceneDelegate.swift in Sources */,
			);
			runOnlyForDeploymentPostprocessing = 0;
		};
		795B7B5724332368008D2699 /* Sources */ = {
			isa = PBXSourcesBuildPhase;
			buildActionMask = 2147483647;
			files = (
				795B7B6024332368008D2699 /* Class02Tests.swift in Sources */,
			);
			runOnlyForDeploymentPostprocessing = 0;
		};
		795B7B6224332368008D2699 /* Sources */ = {
			isa = PBXSourcesBuildPhase;
			buildActionMask = 2147483647;
			files = (
				795B7B6B24332368008D2699 /* Class02UITests.swift in Sources */,
			);
			runOnlyForDeploymentPostprocessing = 0;
		};
/* End PBXSourcesBuildPhase section */

/* Begin PBXTargetDependency section */
		795B7B5D24332368008D2699 /* PBXTargetDependency */ = {
			isa = PBXTargetDependency;
			target = 795B7B4424332367008D2699 /* Class02 */;
			targetProxy = 795B7B5C24332368008D2699 /* PBXContainerItemProxy */;
		};
		795B7B6824332368008D2699 /* PBXTargetDependency */ = {
			isa = PBXTargetDependency;
			target = 795B7B4424332367008D2699 /* Class02 */;
			targetProxy = 795B7B6724332368008D2699 /* PBXContainerItemProxy */;
		};
/* End PBXTargetDependency section */

/* Begin PBXVariantGroup section */
		795B7B4E24332367008D2699 /* Main.storyboard */ = {
			isa = PBXVariantGroup;
			children = (
				795B7B4F24332367008D2699 /* Base */,
			);
			name = Main.storyboard;
			sourceTree = "<group>";
		};
		795B7B5324332368008D2699 /* LaunchScreen.storyboard */ = {
			isa = PBXVariantGroup;
			children = (
				795B7B5424332368008D2699 /* Base */,
			);
			name = LaunchScreen.storyboard;
			sourceTree = "<group>";
		};
/* End PBXVariantGroup section */

/* Begin XCBuildConfiguration section */
		795B7B6D24332368008D2699 /* Debug */ = {
			isa = XCBuildConfiguration;
			buildSettings = {
				ALWAYS_SEARCH_USER_PATHS = NO;
				CLANG_ANALYZER_NONNULL = YES;
				CLANG_ANALYZER_NUMBER_OBJECT_CONVERSION = YES_AGGRESSIVE;
				CLANG_CXX_LANGUAGE_STANDARD = "gnu++14";
				CLANG_CXX_LIBRARY = "libc++";
				CLANG_ENABLE_MODULES = YES;
				CLANG_ENABLE_OBJC_ARC = YES;
				CLANG_ENABLE_OBJC_WEAK = YES;
				CLANG_WARN_BLOCK_CAPTURE_AUTORELEASING = YES;
				CLANG_WARN_BOOL_CONVERSION = YES;
				CLANG_WARN_COMMA = YES;
				CLANG_WARN_CONSTANT_CONVERSION = YES;
				CLANG_WARN_DEPRECATED_OBJC_IMPLEMENTATIONS = YES;
				CLANG_WARN_DIRECT_OBJC_ISA_USAGE = YES_ERROR;
				CLANG_WARN_DOCUMENTATION_COMMENTS = YES;
				CLANG_WARN_EMPTY_BODY = YES;
				CLANG_WARN_ENUM_CONVERSION = YES;
				CLANG_WARN_INFINITE_RECURSION = YES;
				CLANG_WARN_INT_CONVERSION = YES;
				CLANG_WARN_NON_LITERAL_NULL_CONVERSION = YES;
				CLANG_WARN_OBJC_IMPLICIT_RETAIN_SELF = YES;
				CLANG_WARN_OBJC_LITERAL_CONVERSION = YES;
				CLANG_WARN_OBJC_ROOT_CLASS = YES_ERROR;
				CLANG_WARN_RANGE_LOOP_ANALYSIS = YES;
				CLANG_WARN_STRICT_PROTOTYPES = YES;
				CLANG_WARN_SUSPICIOUS_MOVE = YES;
				CLANG_WARN_UNGUARDED_AVAILABILITY = YES_AGGRESSIVE;
				CLANG_WARN_UNREACHABLE_CODE = YES;
				CLANG_WARN__DUPLICATE_METHOD_MATCH = YES;
				COPY_PHASE_STRIP = NO;
				DEBUG_INFORMATION_FORMAT = dwarf;
				ENABLE_STRICT_OBJC_MSGSEND = YES;
				ENABLE_TESTABILITY = YES;
				GCC_C_LANGUAGE_STANDARD = gnu11;
				GCC_DYNAMIC_NO_PIC = NO;
				GCC_NO_COMMON_BLOCKS = YES;
				GCC_OPTIMIZATION_LEVEL = 0;
				GCC_PREPROCESSOR_DEFINITIONS = (
					"DEBUG=1",
					"$(inherited)",
				);
				GCC_WARN_64_TO_32_BIT_CONVERSION = YES;
				GCC_WARN_ABOUT_RETURN_TYPE = YES_ERROR;
				GCC_WARN_UNDECLARED_SELECTOR = YES;
				GCC_WARN_UNINITIALIZED_AUTOS = YES_AGGRESSIVE;
				GCC_WARN_UNUSED_FUNCTION = YES;
				GCC_WARN_UNUSED_VARIABLE = YES;
				IPHONEOS_DEPLOYMENT_TARGET = 13.2;
				MTL_ENABLE_DEBUG_INFO = INCLUDE_SOURCE;
				MTL_FAST_MATH = YES;
				ONLY_ACTIVE_ARCH = YES;
				SDKROOT = iphoneos;
				SWIFT_ACTIVE_COMPILATION_CONDITIONS = DEBUG;
				SWIFT_OPTIMIZATION_LEVEL = "-Onone";
			};
			name = Debug;
		};
		795B7B6E24332368008D2699 /* Release */ = {
			isa = XCBuildConfiguration;
			buildSettings = {
				ALWAYS_SEARCH_USER_PATHS = NO;
				CLANG_ANALYZER_NONNULL = YES;
				CLANG_ANALYZER_NUMBER_OBJECT_CONVERSION = YES_AGGRESSIVE;
				CLANG_CXX_LANGUAGE_STANDARD = "gnu++14";
				CLANG_CXX_LIBRARY = "libc++";
				CLANG_ENABLE_MODULES = YES;
				CLANG_ENABLE_OBJC_ARC = YES;
				CLANG_ENABLE_OBJC_WEAK = YES;
				CLANG_WARN_BLOCK_CAPTURE_AUTORELEASING = YES;
				CLANG_WARN_BOOL_CONVERSION = YES;
				CLANG_WARN_COMMA = YES;
				CLANG_WARN_CONSTANT_CONVERSION = YES;
				CLANG_WARN_DEPRECATED_OBJC_IMPLEMENTATIONS = YES;
				CLANG_WARN_DIRECT_OBJC_ISA_USAGE = YES_ERROR;
				CLANG_WARN_DOCUMENTATION_COMMENTS = YES;
				CLANG_WARN_EMPTY_BODY = YES;
				CLANG_WARN_ENUM_CONVERSION = YES;
				CLANG_WARN_INFINITE_RECURSION = YES;
				CLANG_WARN_INT_CONVERSION = YES;
				CLANG_WARN_NON_LITERAL_NULL_CONVERSION = YES;
				CLANG_WARN_OBJC_IMPLICIT_RETAIN_SELF = YES;
				CLANG_WARN_OBJC_LITERAL_CONVERSION = YES;
				CLANG_WARN_OBJC_ROOT_CLASS = YES_ERROR;
				CLANG_WARN_RANGE_LOOP_ANALYSIS = YES;
				CLANG_WARN_STRICT_PROTOTYPES = YES;
				CLANG_WARN_SUSPICIOUS_MOVE = YES;
				CLANG_WARN_UNGUARDED_AVAILABILITY = YES_AGGRESSIVE;
				CLANG_WARN_UNREACHABLE_CODE = YES;
				CLANG_WARN__DUPLICATE_METHOD_MATCH = YES;
				COPY_PHASE_STRIP = NO;
				DEBUG_INFORMATION_FORMAT = "dwarf-with-dsym";
				ENABLE_NS_ASSERTIONS = NO;
				ENABLE_STRICT_OBJC_MSGSEND = YES;
				GCC_C_LANGUAGE_STANDARD = gnu11;
				GCC_NO_COMMON_BLOCKS = YES;
				GCC_WARN_64_TO_32_BIT_CONVERSION = YES;
				GCC_WARN_ABOUT_RETURN_TYPE = YES_ERROR;
				GCC_WARN_UNDECLARED_SELECTOR = YES;
				GCC_WARN_UNINITIALIZED_AUTOS = YES_AGGRESSIVE;
				GCC_WARN_UNUSED_FUNCTION = YES;
				GCC_WARN_UNUSED_VARIABLE = YES;
				IPHONEOS_DEPLOYMENT_TARGET = 13.2;
				MTL_ENABLE_DEBUG_INFO = NO;
				MTL_FAST_MATH = YES;
				SDKROOT = iphoneos;
				SWIFT_COMPILATION_MODE = wholemodule;
				SWIFT_OPTIMIZATION_LEVEL = "-O";
				VALIDATE_PRODUCT = YES;
			};
			name = Release;
		};
		795B7B7024332368008D2699 /* Debug */ = {
			isa = XCBuildConfiguration;
			buildSettings = {
				ASSETCATALOG_COMPILER_APPICON_NAME = AppIcon;
				CODE_SIGN_STYLE = Automatic;
				DEVELOPMENT_TEAM = YBVHVR346D;
				INFOPLIST_FILE = Class02/Info.plist;
				LD_RUNPATH_SEARCH_PATHS = (
					"$(inherited)",
					"@executable_path/Frameworks",
				);
				PRODUCT_BUNDLE_IDENTIFIER = idv.yuru.Class02;
				PRODUCT_NAME = "$(TARGET_NAME)";
				SWIFT_VERSION = 5.0;
				TARGETED_DEVICE_FAMILY = "1,2";
			};
			name = Debug;
		};
		795B7B7124332368008D2699 /* Release */ = {
			isa = XCBuildConfiguration;
			buildSettings = {
				ASSETCATALOG_COMPILER_APPICON_NAME = AppIcon;
				CODE_SIGN_STYLE = Automatic;
				DEVELOPMENT_TEAM = YBVHVR346D;
				INFOPLIST_FILE = Class02/Info.plist;
				LD_RUNPATH_SEARCH_PATHS = (
					"$(inherited)",
					"@executable_path/Frameworks",
				);
				PRODUCT_BUNDLE_IDENTIFIER = idv.yuru.Class02;
				PRODUCT_NAME = "$(TARGET_NAME)";
				SWIFT_VERSION = 5.0;
				TARGETED_DEVICE_FAMILY = "1,2";
			};
			name = Release;
		};
		795B7B7324332368008D2699 /* Debug */ = {
			isa = XCBuildConfiguration;
			buildSettings = {
				ALWAYS_EMBED_SWIFT_STANDARD_LIBRARIES = YES;
				BUNDLE_LOADER = "$(TEST_HOST)";
				CODE_SIGN_STYLE = Automatic;
				DEVELOPMENT_TEAM = YBVHVR346D;
				INFOPLIST_FILE = Class02Tests/Info.plist;
				IPHONEOS_DEPLOYMENT_TARGET = 13.2;
				LD_RUNPATH_SEARCH_PATHS = (
					"$(inherited)",
					"@executable_path/Frameworks",
					"@loader_path/Frameworks",
				);
				PRODUCT_BUNDLE_IDENTIFIER = idv.yuru.Class02Tests;
				PRODUCT_NAME = "$(TARGET_NAME)";
				SWIFT_VERSION = 5.0;
				TARGETED_DEVICE_FAMILY = "1,2";
				TEST_HOST = "$(BUILT_PRODUCTS_DIR)/Class02.app/Class02";
			};
			name = Debug;
		};
		795B7B7424332368008D2699 /* Release */ = {
			isa = XCBuildConfiguration;
			buildSettings = {
				ALWAYS_EMBED_SWIFT_STANDARD_LIBRARIES = YES;
				BUNDLE_LOADER = "$(TEST_HOST)";
				CODE_SIGN_STYLE = Automatic;
				DEVELOPMENT_TEAM = YBVHVR346D;
				INFOPLIST_FILE = Class02Tests/Info.plist;
				IPHONEOS_DEPLOYMENT_TARGET = 13.2;
				LD_RUNPATH_SEARCH_PATHS = (
					"$(inherited)",
					"@executable_path/Frameworks",
					"@loader_path/Frameworks",
				);
				PRODUCT_BUNDLE_IDENTIFIER = idv.yuru.Class02Tests;
				PRODUCT_NAME = "$(TARGET_NAME)";
				SWIFT_VERSION = 5.0;
				TARGETED_DEVICE_FAMILY = "1,2";
				TEST_HOST = "$(BUILT_PRODUCTS_DIR)/Class02.app/Class02";
			};
			name = Release;
		};
		795B7B7624332368008D2699 /* Debug */ = {
			isa = XCBuildConfiguration;
			buildSettings = {
				ALWAYS_EMBED_SWIFT_STANDARD_LIBRARIES = YES;
				CODE_SIGN_STYLE = Automatic;
				DEVELOPMENT_TEAM = YBVHVR346D;
				INFOPLIST_FILE = Class02UITests/Info.plist;
				LD_RUNPATH_SEARCH_PATHS = (
					"$(inherited)",
					"@executable_path/Frameworks",
					"@loader_path/Frameworks",
				);
				PRODUCT_BUNDLE_IDENTIFIER = idv.yuru.Class02UITests;
				PRODUCT_NAME = "$(TARGET_NAME)";
				SWIFT_VERSION = 5.0;
				TARGETED_DEVICE_FAMILY = "1,2";
				TEST_TARGET_NAME = Class02;
			};
			name = Debug;
		};
		795B7B7724332368008D2699 /* Release */ = {
			isa = XCBuildConfiguration;
			buildSettings = {
				ALWAYS_EMBED_SWIFT_STANDARD_LIBRARIES = YES;
				CODE_SIGN_STYLE = Automatic;
				DEVELOPMENT_TEAM = YBVHVR346D;
				INFOPLIST_FILE = Class02UITests/Info.plist;
				LD_RUNPATH_SEARCH_PATHS = (
					"$(inherited)",
					"@executable_path/Frameworks",
					"@loader_path/Frameworks",
				);
				PRODUCT_BUNDLE_IDENTIFIER = idv.yuru.Class02UITests;
				PRODUCT_NAME = "$(TARGET_NAME)";
				SWIFT_VERSION = 5.0;
				TARGETED_DEVICE_FAMILY = "1,2";
				TEST_TARGET_NAME = Class02;
			};
			name = Release;
		};
/* End XCBuildConfiguration section */

/* Begin XCConfigurationList section */
		795B7B4024332367008D2699 /* Build configuration list for PBXProject "Class02" */ = {
			isa = XCConfigurationList;
			buildConfigurations = (
				795B7B6D24332368008D2699 /* Debug */,
				795B7B6E24332368008D2699 /* Release */,
			);
			defaultConfigurationIsVisible = 0;
			defaultConfigurationName = Release;
		};
		795B7B6F24332368008D2699 /* Build configuration list for PBXNativeTarget "Class02" */ = {
			isa = XCConfigurationList;
			buildConfigurations = (
				795B7B7024332368008D2699 /* Debug */,
				795B7B7124332368008D2699 /* Release */,
			);
			defaultConfigurationIsVisible = 0;
			defaultConfigurationName = Release;
		};
		795B7B7224332368008D2699 /* Build configuration list for PBXNativeTarget "Class02Tests" */ = {
			isa = XCConfigurationList;
			buildConfigurations = (
				795B7B7324332368008D2699 /* Debug */,
				795B7B7424332368008D2699 /* Release */,
			);
			defaultConfigurationIsVisible = 0;
			defaultConfigurationName = Release;
		};
		795B7B7524332368008D2699 /* Build configuration list for PBXNativeTarget "Class02UITests" */ = {
			isa = XCConfigurationList;
			buildConfigurations = (
				795B7B7624332368008D2699 /* Debug */,
				795B7B7724332368008D2699 /* Release */,
			);
			defaultConfigurationIsVisible = 0;
			defaultConfigurationName = Release;
		};
/* End XCConfigurationList section */
	};
	rootObject = 795B7B3D24332367008D2699 /* Project object */;
}
